{
    "_meta": {
        "hash": {
            "sha256": "dcb2a7a911648d15d23856878c0e9209ca100901c146f97509e62f3e2d41c8d0"
        },
        "pipfile-spec": 6,
        "requires": {
            "python_version": "3.8"
        },
        "sources": [
            {
                "name": "pypi",
                "url": "https://pypi.org/simple",
                "verify_ssl": true
            }
        ]
    },
    "default": {
        "html2text": {
            "hashes": [
                "sha256:c7c629882da0cf377d66f073329ccf34a12ed2adf0169b9285ae4e63ef54c82b",
                "sha256:e296318e16b059ddb97f7a8a1d6a5c1d7af4544049a01e261731d2d5cc277bbb"
            ],
            "index": "pypi",
            "version": "==2020.1.16"
        }
    },
    "develop": {}
}
